// !$*UTF8*$!
{
	archiveVersion = 1;
	classes = {
	};
	objectVersion = 55;
	objects = {

/* Begin PBXBuildFile section */
		B38C34D02967ED3100224E09 /* RideType.swift in Sources */ = {isa = PBXBuildFile; fileRef = B38C34CF2967ED3100224E09 /* RideType.swift */; };
		B38C34D2296800FD00224E09 /* Double.swift in Sources */ = {isa = PBXBuildFile; fileRef = B38C34D1296800FD00224E09 /* Double.swift */; };
		B38C34D429681BF100224E09 /* UberLocation.swift in Sources */ = {isa = PBXBuildFile; fileRef = B38C34D329681BF100224E09 /* UberLocation.swift */; };
		B38C34D62968296D00224E09 /* Color.swift in Sources */ = {isa = PBXBuildFile; fileRef = B38C34D52968296D00224E09 /* Color.swift */; };
		B38C3BED2966A9B200F37DFB /* UberSwiftUIApp.swift in Sources */ = {isa = PBXBuildFile; fileRef = B38C3BEC2966A9B200F37DFB /* UberSwiftUIApp.swift */; };
		B38C3BF12966A9B600F37DFB /* Assets.xcassets in Resources */ = {isa = PBXBuildFile; fileRef = B38C3BF02966A9B600F37DFB /* Assets.xcassets */; };
		B38C3BF42966A9B600F37DFB /* Preview Assets.xcassets in Resources */ = {isa = PBXBuildFile; fileRef = B38C3BF32966A9B600F37DFB /* Preview Assets.xcassets */; };
		B38C3BFE2966A9B700F37DFB /* UberSwiftUITests.swift in Sources */ = {isa = PBXBuildFile; fileRef = B38C3BFD2966A9B700F37DFB /* UberSwiftUITests.swift */; };
		B38C3C082966A9B700F37DFB /* UberSwiftUIUITests.swift in Sources */ = {isa = PBXBuildFile; fileRef = B38C3C072966A9B700F37DFB /* UberSwiftUIUITests.swift */; };
		B38C3C0A2966A9B700F37DFB /* UberSwiftUIUITestsLaunchTests.swift in Sources */ = {isa = PBXBuildFile; fileRef = B38C3C092966A9B700F37DFB /* UberSwiftUIUITestsLaunchTests.swift */; };
		B38C3C1E2966AA7D00F37DFB /* HomeView.swift in Sources */ = {isa = PBXBuildFile; fileRef = B38C3C1D2966AA7D00F37DFB /* HomeView.swift */; };
		B38C3C212966AADA00F37DFB /* UberMapView.swift in Sources */ = {isa = PBXBuildFile; fileRef = B38C3C202966AADA00F37DFB /* UberMapView.swift */; };
		B38C3C232966ADC200F37DFB /* LocationManager.swift in Sources */ = {isa = PBXBuildFile; fileRef = B38C3C222966ADC200F37DFB /* LocationManager.swift */; };
		B38C3C262966C1F000F37DFB /* LocationSearchActivationView.swift in Sources */ = {isa = PBXBuildFile; fileRef = B38C3C252966C1F000F37DFB /* LocationSearchActivationView.swift */; };
		B38C3C292966C41A00F37DFB /* MapViewActionButton.swift in Sources */ = {isa = PBXBuildFile; fileRef = B38C3C282966C41A00F37DFB /* MapViewActionButton.swift */; };
		B38C3C2C2966CC7400F37DFB /* LocationSearchView.swift in Sources */ = {isa = PBXBuildFile; fileRef = B38C3C2B2966CC7400F37DFB /* LocationSearchView.swift */; };
		B38C3C2F2966D08600F37DFB /* LocationSearchResultCell.swift in Sources */ = {isa = PBXBuildFile; fileRef = B38C3C2E2966D08600F37DFB /* LocationSearchResultCell.swift */; };
		B38C3C312966D81300F37DFB /* LocationSearchViewModel.swift in Sources */ = {isa = PBXBuildFile; fileRef = B38C3C302966D81300F37DFB /* LocationSearchViewModel.swift */; };
		B38C3C3429670C2700F37DFB /* MapViewState.swift in Sources */ = {isa = PBXBuildFile; fileRef = B38C3C3329670C2700F37DFB /* MapViewState.swift */; };
		B38C3C3729673ACF00F37DFB /* RideRequestView.swift in Sources */ = {isa = PBXBuildFile; fileRef = B38C3C3629673ACF00F37DFB /* RideRequestView.swift */; };
		B3DC948B296883150020045E /* SideMenu.swift in Sources */ = {isa = PBXBuildFile; fileRef = B3DC948A296883150020045E /* SideMenu.swift */; };
/* End PBXBuildFile section */

/* Begin PBXContainerItemProxy section */
		B38C3BFA2966A9B700F37DFB /* PBXContainerItemProxy */ = {
			isa = PBXContainerItemProxy;
			containerPortal = B38C3BE12966A9B200F37DFB /* Project object */;
			proxyType = 1;
			remoteGlobalIDString = B38C3BE82966A9B200F37DFB;
			remoteInfo = UberSwiftUI;
		};
		B38C3C042966A9B700F37DFB /* PBXContainerItemProxy */ = {
			isa = PBXContainerItemProxy;
			containerPortal = B38C3BE12966A9B200F37DFB /* Project object */;
			proxyType = 1;
			remoteGlobalIDString = B38C3BE82966A9B200F37DFB;
			remoteInfo = UberSwiftUI;
		};
/* End PBXContainerItemProxy section */

/* Begin PBXFileReference section */
		B38C34CF2967ED3100224E09 /* RideType.swift */ = {isa = PBXFileReference; lastKnownFileType = sourcecode.swift; path = RideType.swift; sourceTree = "<group>"; };
		B38C34D1296800FD00224E09 /* Double.swift */ = {isa = PBXFileReference; lastKnownFileType = sourcecode.swift; path = Double.swift; sourceTree = "<group>"; };
		B38C34D329681BF100224E09 /* UberLocation.swift */ = {isa = PBXFileReference; lastKnownFileType = sourcecode.swift; path = UberLocation.swift; sourceTree = "<group>"; };
		B38C34D52968296D00224E09 /* Color.swift */ = {isa = PBXFileReference; lastKnownFileType = sourcecode.swift; path = Color.swift; sourceTree = "<group>"; };
		B38C3BE92966A9B200F37DFB /* UberSwiftUI.app */ = {isa = PBXFileReference; explicitFileType = wrapper.application; includeInIndex = 0; path = UberSwiftUI.app; sourceTree = BUILT_PRODUCTS_DIR; };
		B38C3BEC2966A9B200F37DFB /* UberSwiftUIApp.swift */ = {isa = PBXFileReference; lastKnownFileType = sourcecode.swift; path = UberSwiftUIApp.swift; sourceTree = "<group>"; };
		B38C3BF02966A9B600F37DFB /* Assets.xcassets */ = {isa = PBXFileReference; lastKnownFileType = folder.assetcatalog; path = Assets.xcassets; sourceTree = "<group>"; };
		B38C3BF32966A9B600F37DFB /* Preview Assets.xcassets */ = {isa = PBXFileReference; lastKnownFileType = folder.assetcatalog; path = "Preview Assets.xcassets"; sourceTree = "<group>"; };
		B38C3BF92966A9B700F37DFB /* UberSwiftUITests.xctest */ = {isa = PBXFileReference; explicitFileType = wrapper.cfbundle; includeInIndex = 0; path = UberSwiftUITests.xctest; sourceTree = BUILT_PRODUCTS_DIR; };
		B38C3BFD2966A9B700F37DFB /* UberSwiftUITests.swift */ = {isa = PBXFileReference; lastKnownFileType = sourcecode.swift; path = UberSwiftUITests.swift; sourceTree = "<group>"; };
		B38C3C032966A9B700F37DFB /* UberSwiftUIUITests.xctest */ = {isa = PBXFileReference; explicitFileType = wrapper.cfbundle; includeInIndex = 0; path = UberSwiftUIUITests.xctest; sourceTree = BUILT_PRODUCTS_DIR; };
		B38C3C072966A9B700F37DFB /* UberSwiftUIUITests.swift */ = {isa = PBXFileReference; lastKnownFileType = sourcecode.swift; path = UberSwiftUIUITests.swift; sourceTree = "<group>"; };
		B38C3C092966A9B700F37DFB /* UberSwiftUIUITestsLaunchTests.swift */ = {isa = PBXFileReference; lastKnownFileType = sourcecode.swift; path = UberSwiftUIUITestsLaunchTests.swift; sourceTree = "<group>"; };
		B38C3C1D2966AA7D00F37DFB /* HomeView.swift */ = {isa = PBXFileReference; lastKnownFileType = sourcecode.swift; path = HomeView.swift; sourceTree = "<group>"; };
		B38C3C202966AADA00F37DFB /* UberMapView.swift */ = {isa = PBXFileReference; lastKnownFileType = sourcecode.swift; path = UberMapView.swift; sourceTree = "<group>"; };
		B38C3C222966ADC200F37DFB /* LocationManager.swift */ = {isa = PBXFileReference; lastKnownFileType = sourcecode.swift; path = LocationManager.swift; sourceTree = "<group>"; };
		B38C3C252966C1F000F37DFB /* LocationSearchActivationView.swift */ = {isa = PBXFileReference; lastKnownFileType = sourcecode.swift; path = LocationSearchActivationView.swift; sourceTree = "<group>"; };
		B38C3C282966C41A00F37DFB /* MapViewActionButton.swift */ = {isa = PBXFileReference; lastKnownFileType = sourcecode.swift; path = MapViewActionButton.swift; sourceTree = "<group>"; };
		B38C3C2B2966CC7400F37DFB /* LocationSearchView.swift */ = {isa = PBXFileReference; lastKnownFileType = sourcecode.swift; path = LocationSearchView.swift; sourceTree = "<group>"; };
		B38C3C2E2966D08600F37DFB /* LocationSearchResultCell.swift */ = {isa = PBXFileReference; lastKnownFileType = sourcecode.swift; path = LocationSearchResultCell.swift; sourceTree = "<group>"; };
		B38C3C302966D81300F37DFB /* LocationSearchViewModel.swift */ = {isa = PBXFileReference; lastKnownFileType = sourcecode.swift; path = LocationSearchViewModel.swift; sourceTree = "<group>"; };
		B38C3C3329670C2700F37DFB /* MapViewState.swift */ = {isa = PBXFileReference; lastKnownFileType = sourcecode.swift; path = MapViewState.swift; sourceTree = "<group>"; };
		B38C3C3629673ACF00F37DFB /* RideRequestView.swift */ = {isa = PBXFileReference; lastKnownFileType = sourcecode.swift; path = RideRequestView.swift; sourceTree = "<group>"; };
		B3DC948A296883150020045E /* SideMenu.swift */ = {isa = PBXFileReference; lastKnownFileType = sourcecode.swift; path = SideMenu.swift; sourceTree = "<group>"; };
/* End PBXFileReference section */

/* Begin PBXFrameworksBuildPhase section */
		B38C3BE62966A9B200F37DFB /* Frameworks */ = {
			isa = PBXFrameworksBuildPhase;
			buildActionMask = 2147483647;
			files = (
			);
			runOnlyForDeploymentPostprocessing = 0;
		};
		B38C3BF62966A9B700F37DFB /* Frameworks */ = {
			isa = PBXFrameworksBuildPhase;
			buildActionMask = 2147483647;
			files = (
			);
			runOnlyForDeploymentPostprocessing = 0;
		};
		B38C3C002966A9B700F37DFB /* Frameworks */ = {
			isa = PBXFrameworksBuildPhase;
			buildActionMask = 2147483647;
			files = (
			);
			runOnlyForDeploymentPostprocessing = 0;
		};
/* End PBXFrameworksBuildPhase section */

/* Begin PBXGroup section */
		B38C3BE02966A9B200F37DFB = {
			isa = PBXGroup;
			children = (
				B38C3BEB2966A9B200F37DFB /* UberSwiftUI */,
				B38C3BFC2966A9B700F37DFB /* UberSwiftUITests */,
				B38C3C062966A9B700F37DFB /* UberSwiftUIUITests */,
				B38C3BEA2966A9B200F37DFB /* Products */,
			);
			sourceTree = "<group>";
		};
		B38C3BEA2966A9B200F37DFB /* Products */ = {
			isa = PBXGroup;
			children = (
				B38C3BE92966A9B200F37DFB /* UberSwiftUI.app */,
				B38C3BF92966A9B700F37DFB /* UberSwiftUITests.xctest */,
				B38C3C032966A9B700F37DFB /* UberSwiftUIUITests.xctest */,
			);
			name = Products;
			sourceTree = "<group>";
		};
		B38C3BEB2966A9B200F37DFB /* UberSwiftUI */ = {
			isa = PBXGroup;
			children = (
				B38C3C3229670C0E00F37DFB /* Enum */,
				B38C3C1A2966AA2100F37DFB /* Models */,
				B38C3C192966AA1B00F37DFB /* Managers */,
				B38C3C182966AA0600F37DFB /* Extensions */,
				B38C3C172966AA0000F37DFB /* Core */,
				B38C3C162966A9E900F37DFB /* App */,
				B38C3BEC2966A9B200F37DFB /* UberSwiftUIApp.swift */,
				B38C3BF02966A9B600F37DFB /* Assets.xcassets */,
				B38C3BF22966A9B600F37DFB /* Preview Content */,
			);
			path = UberSwiftUI;
			sourceTree = "<group>";
		};
		B38C3BF22966A9B600F37DFB /* Preview Content */ = {
			isa = PBXGroup;
			children = (
				B38C3BF32966A9B600F37DFB /* Preview Assets.xcassets */,
			);
			path = "Preview Content";
			sourceTree = "<group>";
		};
		B38C3BFC2966A9B700F37DFB /* UberSwiftUITests */ = {
			isa = PBXGroup;
			children = (
				B38C3BFD2966A9B700F37DFB /* UberSwiftUITests.swift */,
			);
			path = UberSwiftUITests;
			sourceTree = "<group>";
		};
		B38C3C062966A9B700F37DFB /* UberSwiftUIUITests */ = {
			isa = PBXGroup;
			children = (
				B38C3C072966A9B700F37DFB /* UberSwiftUIUITests.swift */,
				B38C3C092966A9B700F37DFB /* UberSwiftUIUITestsLaunchTests.swift */,
			);
			path = UberSwiftUIUITests;
			sourceTree = "<group>";
		};
		B38C3C162966A9E900F37DFB /* App */ = {
			isa = PBXGroup;
			children = (
			);
			path = App;
			sourceTree = "<group>";
		};
		B38C3C172966AA0000F37DFB /* Core */ = {
			isa = PBXGroup;
			children = (
				B3DC9489296882FE0020045E /* SideMenu */,
				B38C3C3529673AB200F37DFB /* Trip */,
				B38C3C242966C1BC00F37DFB /* LocationSearch */,
				B38C3C1F2966AAC900F37DFB /* UberMapView */,
				B38C3C1C2966AA6300F37DFB /* Views */,
				B38C3C1B2966AA4F00F37DFB /* ViewModels */,
			);
			path = Core;
			sourceTree = "<group>";
		};
		B38C3C182966AA0600F37DFB /* Extensions */ = {
			isa = PBXGroup;
			children = (
				B38C34D1296800FD00224E09 /* Double.swift */,
				B38C34D52968296D00224E09 /* Color.swift */,
			);
			path = Extensions;
			sourceTree = "<group>";
		};
		B38C3C192966AA1B00F37DFB /* Managers */ = {
			isa = PBXGroup;
			children = (
				B38C3C222966ADC200F37DFB /* LocationManager.swift */,
			);
			path = Managers;
			sourceTree = "<group>";
		};
		B38C3C1A2966AA2100F37DFB /* Models */ = {
			isa = PBXGroup;
			children = (
				B38C34CF2967ED3100224E09 /* RideType.swift */,
				B38C34D329681BF100224E09 /* UberLocation.swift */,
			);
			path = Models;
			sourceTree = "<group>";
		};
		B38C3C1B2966AA4F00F37DFB /* ViewModels */ = {
			isa = PBXGroup;
			children = (
				B38C3C302966D81300F37DFB /* LocationSearchViewModel.swift */,
			);
			path = ViewModels;
			sourceTree = "<group>";
		};
		B38C3C1C2966AA6300F37DFB /* Views */ = {
			isa = PBXGroup;
			children = (
				B38C3C2D2966D06300F37DFB /* LocationSearchResultCell */,
				B38C3C2A2966CC5500F37DFB /* LocationSearchView */,
				B38C3C272966C40300F37DFB /* MapViewActionButton */,
				B38C3C1D2966AA7D00F37DFB /* HomeView.swift */,
			);
			path = Views;
			sourceTree = "<group>";
		};
		B38C3C1F2966AAC900F37DFB /* UberMapView */ = {
			isa = PBXGroup;
			children = (
				B38C3C202966AADA00F37DFB /* UberMapView.swift */,
			);
			path = UberMapView;
			sourceTree = "<group>";
		};
		B38C3C242966C1BC00F37DFB /* LocationSearch */ = {
			isa = PBXGroup;
			children = (
				B38C3C252966C1F000F37DFB /* LocationSearchActivationView.swift */,
			);
			path = LocationSearch;
			sourceTree = "<group>";
		};
		B38C3C272966C40300F37DFB /* MapViewActionButton */ = {
			isa = PBXGroup;
			children = (
				B38C3C282966C41A00F37DFB /* MapViewActionButton.swift */,
			);
			path = MapViewActionButton;
			sourceTree = "<group>";
		};
		B38C3C2A2966CC5500F37DFB /* LocationSearchView */ = {
			isa = PBXGroup;
			children = (
				B38C3C2B2966CC7400F37DFB /* LocationSearchView.swift */,
			);
			path = LocationSearchView;
			sourceTree = "<group>";
		};
		B38C3C2D2966D06300F37DFB /* LocationSearchResultCell */ = {
			isa = PBXGroup;
			children = (
				B38C3C2E2966D08600F37DFB /* LocationSearchResultCell.swift */,
			);
			path = LocationSearchResultCell;
			sourceTree = "<group>";
		};
		B38C3C3229670C0E00F37DFB /* Enum */ = {
			isa = PBXGroup;
			children = (
				B38C3C3329670C2700F37DFB /* MapViewState.swift */,
			);
			path = Enum;
			sourceTree = "<group>";
		};
		B38C3C3529673AB200F37DFB /* Trip */ = {
			isa = PBXGroup;
			children = (
				B38C3C3629673ACF00F37DFB /* RideRequestView.swift */,
			);
			path = Trip;
			sourceTree = "<group>";
		};
		B3DC9489296882FE0020045E /* SideMenu */ = {
			isa = PBXGroup;
			children = (
				B3DC948A296883150020045E /* SideMenu.swift */,
			);
			path = SideMenu;
			sourceTree = "<group>";
		};
/* End PBXGroup section */

/* Begin PBXNativeTarget section */
		B38C3BE82966A9B200F37DFB /* UberSwiftUI */ = {
			isa = PBXNativeTarget;
			buildConfigurationList = B38C3C0D2966A9B700F37DFB /* Build configuration list for PBXNativeTarget "UberSwiftUI" */;
			buildPhases = (
				B38C3BE52966A9B200F37DFB /* Sources */,
				B38C3BE62966A9B200F37DFB /* Frameworks */,
				B38C3BE72966A9B200F37DFB /* Resources */,
			);
			buildRules = (
			);
			dependencies = (
			);
			name = UberSwiftUI;
			productName = UberSwiftUI;
			productReference = B38C3BE92966A9B200F37DFB /* UberSwiftUI.app */;
			productType = "com.apple.product-type.application";
		};
		B38C3BF82966A9B700F37DFB /* UberSwiftUITests */ = {
			isa = PBXNativeTarget;
			buildConfigurationList = B38C3C102966A9B700F37DFB /* Build configuration list for PBXNativeTarget "UberSwiftUITests" */;
			buildPhases = (
				B38C3BF52966A9B700F37DFB /* Sources */,
				B38C3BF62966A9B700F37DFB /* Frameworks */,
				B38C3BF72966A9B700F37DFB /* Resources */,
			);
			buildRules = (
			);
			dependencies = (
				B38C3BFB2966A9B700F37DFB /* PBXTargetDependency */,
			);
			name = UberSwiftUITests;
			productName = UberSwiftUITests;
			productReference = B38C3BF92966A9B700F37DFB /* UberSwiftUITests.xctest */;
			productType = "com.apple.product-type.bundle.unit-test";
		};
		B38C3C022966A9B700F37DFB /* UberSwiftUIUITests */ = {
			isa = PBXNativeTarget;
			buildConfigurationList = B38C3C132966A9B700F37DFB /* Build configuration list for PBXNativeTarget "UberSwiftUIUITests" */;
			buildPhases = (
				B38C3BFF2966A9B700F37DFB /* Sources */,
				B38C3C002966A9B700F37DFB /* Frameworks */,
				B38C3C012966A9B700F37DFB /* Resources */,
			);
			buildRules = (
			);
			dependencies = (
				B38C3C052966A9B700F37DFB /* PBXTargetDependency */,
			);
			name = UberSwiftUIUITests;
			productName = UberSwiftUIUITests;
			productReference = B38C3C032966A9B700F37DFB /* UberSwiftUIUITests.xctest */;
			productType = "com.apple.product-type.bundle.ui-testing";
		};
/* End PBXNativeTarget section */

/* Begin PBXProject section */
		B38C3BE12966A9B200F37DFB /* Project object */ = {
			isa = PBXProject;
			attributes = {
				BuildIndependentTargetsInParallel = 1;
				LastSwiftUpdateCheck = 1320;
				LastUpgradeCheck = 1320;
				TargetAttributes = {
					B38C3BE82966A9B200F37DFB = {
						CreatedOnToolsVersion = 13.2.1;
					};
					B38C3BF82966A9B700F37DFB = {
						CreatedOnToolsVersion = 13.2.1;
						TestTargetID = B38C3BE82966A9B200F37DFB;
					};
					B38C3C022966A9B700F37DFB = {
						CreatedOnToolsVersion = 13.2.1;
						TestTargetID = B38C3BE82966A9B200F37DFB;
					};
				};
			};
			buildConfigurationList = B38C3BE42966A9B200F37DFB /* Build configuration list for PBXProject "UberSwiftUI" */;
			compatibilityVersion = "Xcode 13.0";
			developmentRegion = en;
			hasScannedForEncodings = 0;
			knownRegions = (
				en,
				Base,
			);
			mainGroup = B38C3BE02966A9B200F37DFB;
			productRefGroup = B38C3BEA2966A9B200F37DFB /* Products */;
			projectDirPath = "";
			projectRoot = "";
			targets = (
				B38C3BE82966A9B200F37DFB /* UberSwiftUI */,
				B38C3BF82966A9B700F37DFB /* UberSwiftUITests */,
				B38C3C022966A9B700F37DFB /* UberSwiftUIUITests */,
			);
		};
/* End PBXProject section */

/* Begin PBXResourcesBuildPhase section */
		B38C3BE72966A9B200F37DFB /* Resources */ = {
			isa = PBXResourcesBuildPhase;
			buildActionMask = 2147483647;
			files = (
				B38C3BF42966A9B600F37DFB /* Preview Assets.xcassets in Resources */,
				B38C3BF12966A9B600F37DFB /* Assets.xcassets in Resources */,
			);
			runOnlyForDeploymentPostprocessing = 0;
		};
		B38C3BF72966A9B700F37DFB /* Resources */ = {
			isa = PBXResourcesBuildPhase;
			buildActionMask = 2147483647;
			files = (
			);
			runOnlyForDeploymentPostprocessing = 0;
		};
		B38C3C012966A9B700F37DFB /* Resources */ = {
			isa = PBXResourcesBuildPhase;
			buildActionMask = 2147483647;
			files = (
			);
			runOnlyForDeploymentPostprocessing = 0;
		};
/* End PBXResourcesBuildPhase section */

/* Begin PBXSourcesBuildPhase section */
		B38C3BE52966A9B200F37DFB /* Sources */ = {
			isa = PBXSourcesBuildPhase;
			buildActionMask = 2147483647;
			files = (
				B38C3C312966D81300F37DFB /* LocationSearchViewModel.swift in Sources */,
				B38C3C2C2966CC7400F37DFB /* LocationSearchView.swift in Sources */,
				B38C3C232966ADC200F37DFB /* LocationManager.swift in Sources */,
				B3DC948B296883150020045E /* SideMenu.swift in Sources */,
				B38C3C3729673ACF00F37DFB /* RideRequestView.swift in Sources */,
				B38C34D2296800FD00224E09 /* Double.swift in Sources */,
				B38C3C3429670C2700F37DFB /* MapViewState.swift in Sources */,
				B38C3C292966C41A00F37DFB /* MapViewActionButton.swift in Sources */,
				B38C3C212966AADA00F37DFB /* UberMapView.swift in Sources */,
				B38C34D62968296D00224E09 /* Color.swift in Sources */,
				B38C3BED2966A9B200F37DFB /* UberSwiftUIApp.swift in Sources */,
				B38C3C1E2966AA7D00F37DFB /* HomeView.swift in Sources */,
				B38C34D429681BF100224E09 /* UberLocation.swift in Sources */,
				B38C3C262966C1F000F37DFB /* LocationSearchActivationView.swift in Sources */,
				B38C3C2F2966D08600F37DFB /* LocationSearchResultCell.swift in Sources */,
				B38C34D02967ED3100224E09 /* RideType.swift in Sources */,
			);
			runOnlyForDeploymentPostprocessing = 0;
		};
		B38C3BF52966A9B700F37DFB /* Sources */ = {
			isa = PBXSourcesBuildPhase;
			buildActionMask = 2147483647;
			files = (
				B38C3BFE2966A9B700F37DFB /* UberSwiftUITests.swift in Sources */,
			);
			runOnlyForDeploymentPostprocessing = 0;
		};
		B38C3BFF2966A9B700F37DFB /* Sources */ = {
			isa = PBXSourcesBuildPhase;
			buildActionMask = 2147483647;
			files = (
				B38C3C0A2966A9B700F37DFB /* UberSwiftUIUITestsLaunchTests.swift in Sources */,
				B38C3C082966A9B700F37DFB /* UberSwiftUIUITests.swift in Sources */,
			);
			runOnlyForDeploymentPostprocessing = 0;
		};
/* End PBXSourcesBuildPhase section */

/* Begin PBXTargetDependency section */
		B38C3BFB2966A9B700F37DFB /* PBXTargetDependency */ = {
			isa = PBXTargetDependency;
			target = B38C3BE82966A9B200F37DFB /* UberSwiftUI */;
			targetProxy = B38C3BFA2966A9B700F37DFB /* PBXContainerItemProxy */;
		};
		B38C3C052966A9B700F37DFB /* PBXTargetDependency */ = {
			isa = PBXTargetDependency;
			target = B38C3BE82966A9B200F37DFB /* UberSwiftUI */;
			targetProxy = B38C3C042966A9B700F37DFB /* PBXContainerItemProxy */;
		};
/* End PBXTargetDependency section */

/* Begin XCBuildConfiguration section */
		B38C3C0B2966A9B700F37DFB /* Debug */ = {
			isa = XCBuildConfiguration;
			buildSettings = {
				ALWAYS_SEARCH_USER_PATHS = NO;
				CLANG_ANALYZER_NONNULL = YES;
				CLANG_ANALYZER_NUMBER_OBJECT_CONVERSION = YES_AGGRESSIVE;
				CLANG_CXX_LANGUAGE_STANDARD = "gnu++17";
				CLANG_CXX_LIBRARY = "libc++";
				CLANG_ENABLE_MODULES = YES;
				CLANG_ENABLE_OBJC_ARC = YES;
				CLANG_ENABLE_OBJC_WEAK = YES;
				CLANG_WARN_BLOCK_CAPTURE_AUTORELEASING = YES;
				CLANG_WARN_BOOL_CONVERSION = YES;
				CLANG_WARN_COMMA = YES;
				CLANG_WARN_CONSTANT_CONVERSION = YES;
				CLANG_WARN_DEPRECATED_OBJC_IMPLEMENTATIONS = YES;
				CLANG_WARN_DIRECT_OBJC_ISA_USAGE = YES_ERROR;
				CLANG_WARN_DOCUMENTATION_COMMENTS = YES;
				CLANG_WARN_EMPTY_BODY = YES;
				CLANG_WARN_ENUM_CONVERSION = YES;
				CLANG_WARN_INFINITE_RECURSION = YES;
				CLANG_WARN_INT_CONVERSION = YES;
				CLANG_WARN_NON_LITERAL_NULL_CONVERSION = YES;
				CLANG_WARN_OBJC_IMPLICIT_RETAIN_SELF = YES;
				CLANG_WARN_OBJC_LITERAL_CONVERSION = YES;
				CLANG_WARN_OBJC_ROOT_CLASS = YES_ERROR;
				CLANG_WARN_QUOTED_INCLUDE_IN_FRAMEWORK_HEADER = YES;
				CLANG_WARN_RANGE_LOOP_ANALYSIS = YES;
				CLANG_WARN_STRICT_PROTOTYPES = YES;
				CLANG_WARN_SUSPICIOUS_MOVE = YES;
				CLANG_WARN_UNGUARDED_AVAILABILITY = YES_AGGRESSIVE;
				CLANG_WARN_UNREACHABLE_CODE = YES;
				CLANG_WARN__DUPLICATE_METHOD_MATCH = YES;
				COPY_PHASE_STRIP = NO;
				DEBUG_INFORMATION_FORMAT = dwarf;
				ENABLE_STRICT_OBJC_MSGSEND = YES;
				ENABLE_TESTABILITY = YES;
				GCC_C_LANGUAGE_STANDARD = gnu11;
				GCC_DYNAMIC_NO_PIC = NO;
				GCC_NO_COMMON_BLOCKS = YES;
				GCC_OPTIMIZATION_LEVEL = 0;
				GCC_PREPROCESSOR_DEFINITIONS = (
					"DEBUG=1",
					"$(inherited)",
				);
				GCC_WARN_64_TO_32_BIT_CONVERSION = YES;
				GCC_WARN_ABOUT_RETURN_TYPE = YES_ERROR;
				GCC_WARN_UNDECLARED_SELECTOR = YES;
				GCC_WARN_UNINITIALIZED_AUTOS = YES_AGGRESSIVE;
				GCC_WARN_UNUSED_FUNCTION = YES;
				GCC_WARN_UNUSED_VARIABLE = YES;
				IPHONEOS_DEPLOYMENT_TARGET = 15.2;
				MTL_ENABLE_DEBUG_INFO = INCLUDE_SOURCE;
				MTL_FAST_MATH = YES;
				ONLY_ACTIVE_ARCH = YES;
				SDKROOT = iphoneos;
				SWIFT_ACTIVE_COMPILATION_CONDITIONS = DEBUG;
				SWIFT_OPTIMIZATION_LEVEL = "-Onone";
			};
			name = Debug;
		};
		B38C3C0C2966A9B700F37DFB /* Release */ = {
			isa = XCBuildConfiguration;
			buildSettings = {
				ALWAYS_SEARCH_USER_PATHS = NO;
				CLANG_ANALYZER_NONNULL = YES;
				CLANG_ANALYZER_NUMBER_OBJECT_CONVERSION = YES_AGGRESSIVE;
				CLANG_CXX_LANGUAGE_STANDARD = "gnu++17";
				CLANG_CXX_LIBRARY = "libc++";
				CLANG_ENABLE_MODULES = YES;
				CLANG_ENABLE_OBJC_ARC = YES;
				CLANG_ENABLE_OBJC_WEAK = YES;
				CLANG_WARN_BLOCK_CAPTURE_AUTORELEASING = YES;
				CLANG_WARN_BOOL_CONVERSION = YES;
				CLANG_WARN_COMMA = YES;
				CLANG_WARN_CONSTANT_CONVERSION = YES;
				CLANG_WARN_DEPRECATED_OBJC_IMPLEMENTATIONS = YES;
				CLANG_WARN_DIRECT_OBJC_ISA_USAGE = YES_ERROR;
				CLANG_WARN_DOCUMENTATION_COMMENTS = YES;
				CLANG_WARN_EMPTY_BODY = YES;
				CLANG_WARN_ENUM_CONVERSION = YES;
				CLANG_WARN_INFINITE_RECURSION = YES;
				CLANG_WARN_INT_CONVERSION = YES;
				CLANG_WARN_NON_LITERAL_NULL_CONVERSION = YES;
				CLANG_WARN_OBJC_IMPLICIT_RETAIN_SELF = YES;
				CLANG_WARN_OBJC_LITERAL_CONVERSION = YES;
				CLANG_WARN_OBJC_ROOT_CLASS = YES_ERROR;
				CLANG_WARN_QUOTED_INCLUDE_IN_FRAMEWORK_HEADER = YES;
				CLANG_WARN_RANGE_LOOP_ANALYSIS = YES;
				CLANG_WARN_STRICT_PROTOTYPES = YES;
				CLANG_WARN_SUSPICIOUS_MOVE = YES;
				CLANG_WARN_UNGUARDED_AVAILABILITY = YES_AGGRESSIVE;
				CLANG_WARN_UNREACHABLE_CODE = YES;
				CLANG_WARN__DUPLICATE_METHOD_MATCH = YES;
				COPY_PHASE_STRIP = NO;
				DEBUG_INFORMATION_FORMAT = "dwarf-with-dsym";
				ENABLE_NS_ASSERTIONS = NO;
				ENABLE_STRICT_OBJC_MSGSEND = YES;
				GCC_C_LANGUAGE_STANDARD = gnu11;
				GCC_NO_COMMON_BLOCKS = YES;
				GCC_WARN_64_TO_32_BIT_CONVERSION = YES;
				GCC_WARN_ABOUT_RETURN_TYPE = YES_ERROR;
				GCC_WARN_UNDECLARED_SELECTOR = YES;
				GCC_WARN_UNINITIALIZED_AUTOS = YES_AGGRESSIVE;
				GCC_WARN_UNUSED_FUNCTION = YES;
				GCC_WARN_UNUSED_VARIABLE = YES;
				IPHONEOS_DEPLOYMENT_TARGET = 15.2;
				MTL_ENABLE_DEBUG_INFO = NO;
				MTL_FAST_MATH = YES;
				SDKROOT = iphoneos;
				SWIFT_COMPILATION_MODE = wholemodule;
				SWIFT_OPTIMIZATION_LEVEL = "-O";
				VALIDATE_PRODUCT = YES;
			};
			name = Release;
		};
		B38C3C0E2966A9B700F37DFB /* Debug */ = {
			isa = XCBuildConfiguration;
			buildSettings = {
				ASSETCATALOG_COMPILER_APPICON_NAME = AppIcon;
				ASSETCATALOG_COMPILER_GLOBAL_ACCENT_COLOR_NAME = AccentColor;
				CODE_SIGN_STYLE = Automatic;
				CURRENT_PROJECT_VERSION = 1;
				DEVELOPMENT_ASSET_PATHS = "\"UberSwiftUI/Preview Content\"";
				ENABLE_PREVIEWS = YES;
				GENERATE_INFOPLIST_FILE = YES;
				INFOPLIST_KEY_NSLocationWhenInUseUsageDescription = "Use to get users current Location wants to access your location";
				INFOPLIST_KEY_UIApplicationSceneManifest_Generation = YES;
				INFOPLIST_KEY_UIApplicationSupportsIndirectInputEvents = YES;
				INFOPLIST_KEY_UILaunchScreen_Generation = YES;
				INFOPLIST_KEY_UISupportedInterfaceOrientations_iPad = "UIInterfaceOrientationPortrait UIInterfaceOrientationPortraitUpsideDown UIInterfaceOrientationLandscapeLeft UIInterfaceOrientationLandscapeRight";
				INFOPLIST_KEY_UISupportedInterfaceOrientations_iPhone = "UIInterfaceOrientationPortrait UIInterfaceOrientationLandscapeLeft UIInterfaceOrientationLandscapeRight";
				LD_RUNPATH_SEARCH_PATHS = (
					"$(inherited)",
					"@executable_path/Frameworks",
				);
				MARKETING_VERSION = 1.0;
				PRODUCT_BUNDLE_IDENTIFIER = makemycoolApp.UberSwiftUI;
				PRODUCT_NAME = "$(TARGET_NAME)";
				SWIFT_EMIT_LOC_STRINGS = YES;
				SWIFT_VERSION = 5.0;
				TARGETED_DEVICE_FAMILY = "1,2";
			};
			name = Debug;
		};
		B38C3C0F2966A9B700F37DFB /* Release */ = {
			isa = XCBuildConfiguration;
			buildSettings = {
				ASSETCATALOG_COMPILER_APPICON_NAME = AppIcon;
				ASSETCATALOG_COMPILER_GLOBAL_ACCENT_COLOR_NAME = AccentColor;
				CODE_SIGN_STYLE = Automatic;
				CURRENT_PROJECT_VERSION = 1;
				DEVELOPMENT_ASSET_PATHS = "\"UberSwiftUI/Preview Content\"";
				ENABLE_PREVIEWS = YES;
				GENERATE_INFOPLIST_FILE = YES;
				INFOPLIST_KEY_NSLocationWhenInUseUsageDescription = "Use to get users current Location wants to access your location";
				INFOPLIST_KEY_UIApplicationSceneManifest_Generation = YES;
				INFOPLIST_KEY_UIApplicationSupportsIndirectInputEvents = YES;
				INFOPLIST_KEY_UILaunchScreen_Generation = YES;
				INFOPLIST_KEY_UISupportedInterfaceOrientations_iPad = "UIInterfaceOrientationPortrait UIInterfaceOrientationPortraitUpsideDown UIInterfaceOrientationLandscapeLeft UIInterfaceOrientationLandscapeRight";
				INFOPLIST_KEY_UISupportedInterfaceOrientations_iPhone = "UIInterfaceOrientationPortrait UIInterfaceOrientationLandscapeLeft UIInterfaceOrientationLandscapeRight";
				LD_RUNPATH_SEARCH_PATHS = (
					"$(inherited)",
					"@executable_path/Frameworks",
				);
				MARKETING_VERSION = 1.0;
				PRODUCT_BUNDLE_IDENTIFIER = makemycoolApp.UberSwiftUI;
				PRODUCT_NAME = "$(TARGET_NAME)";
				SWIFT_EMIT_LOC_STRINGS = YES;
				SWIFT_VERSION = 5.0;
				TARGETED_DEVICE_FAMILY = "1,2";
			};
			name = Release;
		};
		B38C3C112966A9B700F37DFB /* Debug */ = {
			isa = XCBuildConfiguration;
			buildSettings = {
				ALWAYS_EMBED_SWIFT_STANDARD_LIBRARIES = YES;
				BUNDLE_LOADER = "$(TEST_HOST)";
				CODE_SIGN_STYLE = Automatic;
				CURRENT_PROJECT_VERSION = 1;
				GENERATE_INFOPLIST_FILE = YES;
				IPHONEOS_DEPLOYMENT_TARGET = 15.2;
				MARKETING_VERSION = 1.0;
				PRODUCT_BUNDLE_IDENTIFIER = makemycoolApp.UberSwiftUITests;
				PRODUCT_NAME = "$(TARGET_NAME)";
				SWIFT_EMIT_LOC_STRINGS = NO;
				SWIFT_VERSION = 5.0;
				TARGETED_DEVICE_FAMILY = "1,2";
				TEST_HOST = "$(BUILT_PRODUCTS_DIR)/UberSwiftUI.app/UberSwiftUI";
			};
			name = Debug;
		};
		B38C3C122966A9B700F37DFB /* Release */ = {
			isa = XCBuildConfiguration;
			buildSettings = {
				ALWAYS_EMBED_SWIFT_STANDARD_LIBRARIES = YES;
				BUNDLE_LOADER = "$(TEST_HOST)";
				CODE_SIGN_STYLE = Automatic;
				CURRENT_PROJECT_VERSION = 1;
				GENERATE_INFOPLIST_FILE = YES;
				IPHONEOS_DEPLOYMENT_TARGET = 15.2;
				MARKETING_VERSION = 1.0;
				PRODUCT_BUNDLE_IDENTIFIER = makemycoolApp.UberSwiftUITests;
				PRODUCT_NAME = "$(TARGET_NAME)";
				SWIFT_EMIT_LOC_STRINGS = NO;
				SWIFT_VERSION = 5.0;
				TARGETED_DEVICE_FAMILY = "1,2";
				TEST_HOST = "$(BUILT_PRODUCTS_DIR)/UberSwiftUI.app/UberSwiftUI";
			};
			name = Release;
		};
		B38C3C142966A9B700F37DFB /* Debug */ = {
			isa = XCBuildConfiguration;
			buildSettings = {
				ALWAYS_EMBED_SWIFT_STANDARD_LIBRARIES = YES;
				CODE_SIGN_STYLE = Automatic;
				CURRENT_PROJECT_VERSION = 1;
				GENERATE_INFOPLIST_FILE = YES;
				MARKETING_VERSION = 1.0;
				PRODUCT_BUNDLE_IDENTIFIER = makemycoolApp.UberSwiftUIUITests;
				PRODUCT_NAME = "$(TARGET_NAME)";
				SWIFT_EMIT_LOC_STRINGS = NO;
				SWIFT_VERSION = 5.0;
				TARGETED_DEVICE_FAMILY = "1,2";
				TEST_TARGET_NAME = UberSwiftUI;
			};
			name = Debug;
		};
		B38C3C152966A9B700F37DFB /* Release */ = {
			isa = XCBuildConfiguration;
			buildSettings = {
				ALWAYS_EMBED_SWIFT_STANDARD_LIBRARIES = YES;
				CODE_SIGN_STYLE = Automatic;
				CURRENT_PROJECT_VERSION = 1;
				GENERATE_INFOPLIST_FILE = YES;
				MARKETING_VERSION = 1.0;
				PRODUCT_BUNDLE_IDENTIFIER = makemycoolApp.UberSwiftUIUITests;
				PRODUCT_NAME = "$(TARGET_NAME)";
				SWIFT_EMIT_LOC_STRINGS = NO;
				SWIFT_VERSION = 5.0;
				TARGETED_DEVICE_FAMILY = "1,2";
				TEST_TARGET_NAME = UberSwiftUI;
			};
			name = Release;
		};
/* End XCBuildConfiguration section */

/* Begin XCConfigurationList section */
		B38C3BE42966A9B200F37DFB /* Build configuration list for PBXProject "UberSwiftUI" */ = {
			isa = XCConfigurationList;
			buildConfigurations = (
				B38C3C0B2966A9B700F37DFB /* Debug */,
				B38C3C0C2966A9B700F37DFB /* Release */,
			);
			defaultConfigurationIsVisible = 0;
			defaultConfigurationName = Release;
		};
		B38C3C0D2966A9B700F37DFB /* Build configuration list for PBXNativeTarget "UberSwiftUI" */ = {
			isa = XCConfigurationList;
			buildConfigurations = (
				B38C3C0E2966A9B700F37DFB /* Debug */,
				B38C3C0F2966A9B700F37DFB /* Release */,
			);
			defaultConfigurationIsVisible = 0;
			defaultConfigurationName = Release;
		};
		B38C3C102966A9B700F37DFB /* Build configuration list for PBXNativeTarget "UberSwiftUITests" */ = {
			isa = XCConfigurationList;
			buildConfigurations = (
				B38C3C112966A9B700F37DFB /* Debug */,
				B38C3C122966A9B700F37DFB /* Release */,
			);
			defaultConfigurationIsVisible = 0;
			defaultConfigurationName = Release;
		};
		B38C3C132966A9B700F37DFB /* Build configuration list for PBXNativeTarget "UberSwiftUIUITests" */ = {
			isa = XCConfigurationList;
			buildConfigurations = (
				B38C3C142966A9B700F37DFB /* Debug */,
				B38C3C152966A9B700F37DFB /* Release */,
			);
			defaultConfigurationIsVisible = 0;
			defaultConfigurationName = Release;
		};
/* End XCConfigurationList section */
	};
	rootObject = B38C3BE12966A9B200F37DFB /* Project object */;
}
